<Solution>
  <Folder Name="/src/">
    <Project Path="RockAI.App/RockAI.App.csproj">
      <Deploy Solution="Debug|*" />
    </Project>
    <Project Path="RockAI.Application/RockAI.Application.csproj" />
    <Project Path="RockAI.Contracts/RockAI.Contracts.csproj" />
    <Project Path="RockAI.Domain/RockAI.Domain.csproj" />
    <Project Path="RockAI.Infrastructure/RockAI.Infrastructure.csproj" />
    <Project Path="RockAI.Platform.Windows/RockAI.Platform.Windows.csproj" />
  </Folder>
  <Folder Name="/test/" />
</Solution>
