<Solution>
  <Project Path="RockAI.Agent/RockAI.Agent.csproj" />
  <Project Path="RockAI.AI/RockAI.AI.csproj" />
  <Project Path="RockAI.App/RockAI.App.csproj" />
  <Project Path="RockAI.Application/RockAI.Application.csproj" />
  <Project Path="RockAI.Domain/RockAI.Domain.csproj" />
  <Project Path="RockAI.Infrastructure/RockAI.Infrastructure.csproj" />
  <Project Path="RockAI.Tools/RockAI.Tools.csproj" />
  <Project Path="RockAI.Voice/RockAI.Voice.csproj" />
  <Project Path="RockAI.Windows/RockAI.Windows.csproj" />
</Solution>
