<Solution>
  <Folder Name="/src/">
    <Project Path="RockAI.App/RockAI.App.csproj">
      <Deploy Solution="Debug|*" />
    </Project>
    <Project Path="RockAI.Application/RockAI.Application.csproj" />
    <Project Path="RockAI.Contracts/RockAI.Contracts.csproj" />
    <Project Path="RockAI.Domain/RockAI.Domain.csproj" />
    <Project Path="RockAI.Infrastructure/RockAI.Infrastructure.csproj" />
    <Project Path="RockAI.Migrations/RockAI.Migrations.csproj" />
    <Project Path="RockAI.Platform.Windows/RockAI.Platform.Windows.csproj" />
  </Folder>
  <Folder Name="/test/">
    <Project Path="test/RockAI.Common.Tests/RockAI.Common.Tests.csproj" />
    <Project Path="test/RockAI.Domain.Tests/RockAI.Domain.Tests.csproj" />
    <Project Path="test/RockAI.Application.Tests/RockAI.Application.Tests.csproj" />
    <Project Path="test/RockAI.Infrastructure.Tests/RockAI.Infrastructure.Tests.csproj" />
    <Project Path="test/RockAI.Platform.Windows.Tests/RockAI.Platform.Windows.Tests.csproj" />
  </Folder>
</Solution>
